
Microsoft Visual Studio Solution File, Format Version 12.00
# Visual Studio Version 17
VisualStudioVersion = 17.2.32602.215
MinimumVisualStudioVersion = 10.0.40219.1
Project("{FAE04EC0-301F-11D3-BF4B-00C04F79EFBC}") = "BankDirectDebitApi", "BankDirectDebitApi\BankDirectDebitApi.csproj", "{75EE46F0-DE9D-4F5B-9155-ED0F04936640}"
EndProject
Global
	GlobalSection(SolutionConfigurationPlatforms) = preSolution
		Debug|Any CPU = Debug|Any CPU
		Release|Any CPU = Release|Any CPU
	EndGlobalSection
	GlobalSection(ProjectConfigurationPlatforms) = postSolution
		{75EE46F0-DE9D-4F5B-9155-ED0F04936640}.Debug|Any CPU.ActiveCfg = Debug|Any CPU
		{75EE46F0-DE9D-4F5B-9155-ED0F04936640}.Debug|Any CPU.Build.0 = Debug|Any CPU
		{75EE46F0-DE9D-4F5B-9155-ED0F04936640}.Release|Any CPU.ActiveCfg = Release|Any CPU
		{75EE46F0-DE9D-4F5B-9155-ED0F04936640}.Release|Any CPU.Build.0 = Release|Any CPU
	EndGlobalSection
	GlobalSection(SolutionProperties) = preSolution
		HideSolutionNode = FALSE
	EndGlobalSection
	GlobalSection(ExtensibilityGlobals) = postSolution
		SolutionGuid = {56BF1183-8192-4E76-8A32-88DD039ED637}
	EndGlobalSection
EndGlobal
